// !$*UTF8*$!
{
	archiveVersion = 1;
	classes = {
	};
	objectVersion = 77;
	objects = {

/* Begin PBXCopyFilesBuildPhase section */
		D80FBE3F2D192B2200935952 /* CopyFiles */ = {
			isa = PBXCopyFilesBuildPhase;
			buildActionMask = 2147483647;
			dstPath = /usr/share/man/man1/;
			dstSubfolderSpec = 0;
			files = (
			);
			runOnlyForDeploymentPostprocessing = 1;
		};
		D80FBE582D19311300935952 /* CopyFiles */ = {
			isa = PBXCopyFilesBuildPhase;
			buildActionMask = 2147483647;
			dstPath = /usr/share/man/man1/;
			dstSubfolderSpec = 0;
			files = (
			);
			runOnlyForDeploymentPostprocessing = 1;
		};
		D80FBE732D1957C400935952 /* CopyFiles */ = {
			isa = PBXCopyFilesBuildPhase;
			buildActionMask = 2147483647;
			dstPath = /usr/share/man/man1/;
			dstSubfolderSpec = 0;
			files = (
			);
			runOnlyForDeploymentPostprocessing = 1;
		};
		D80FBE902D19AD0200935952 /* CopyFiles */ = {
			isa = PBXCopyFilesBuildPhase;
			buildActionMask = 2147483647;
			dstPath = /usr/share/man/man1/;
			dstSubfolderSpec = 0;
			files = (
			);
			runOnlyForDeploymentPostprocessing = 1;
		};
		D80FBEAF2D19BC9F00935952 /* CopyFiles */ = {
			isa = PBXCopyFilesBuildPhase;
			buildActionMask = 2147483647;
			dstPath = /usr/share/man/man1/;
			dstSubfolderSpec = 0;
			files = (
			);
			runOnlyForDeploymentPostprocessing = 1;
		};
		D80FBED02D19BDF200935952 /* CopyFiles */ = {
			isa = PBXCopyFilesBuildPhase;
			buildActionMask = 2147483647;
			dstPath = /usr/share/man/man1/;
			dstSubfolderSpec = 0;
			files = (
			);
			runOnlyForDeploymentPostprocessing = 1;
		};
		D824C56A2D1D31CE007F7F50 /* CopyFiles */ = {
			isa = PBXCopyFilesBuildPhase;
			buildActionMask = 2147483647;
			dstPath = /usr/share/man/man1/;
			dstSubfolderSpec = 0;
			files = (
			);
			runOnlyForDeploymentPostprocessing = 1;
		};
		D824C5AB2D1D7D0F007F7F50 /* CopyFiles */ = {
			isa = PBXCopyFilesBuildPhase;
			buildActionMask = 2147483647;
			dstPath = /usr/share/man/man1/;
			dstSubfolderSpec = 0;
			files = (
			);
			runOnlyForDeploymentPostprocessing = 1;
		};
		D83FF8C72D22DF2700BBBD44 /* CopyFiles */ = {
			isa = PBXCopyFilesBuildPhase;
			buildActionMask = 2147483647;
			dstPath = /usr/share/man/man1/;
			dstSubfolderSpec = 0;
			files = (
			);
			runOnlyForDeploymentPostprocessing = 1;
		};
		D869533F2D043E240040D748 /* CopyFiles */ = {
			isa = PBXCopyFilesBuildPhase;
			buildActionMask = 2147483647;
			dstPath = /usr/share/man/man1/;
			dstSubfolderSpec = 0;
			files = (
			);
			runOnlyForDeploymentPostprocessing = 1;
		};
		D869534D2D0440ED0040D748 /* CopyFiles */ = {
			isa = PBXCopyFilesBuildPhase;
			buildActionMask = 2147483647;
			dstPath = /usr/share/man/man1/;
			dstSubfolderSpec = 0;
			files = (
			);
			runOnlyForDeploymentPostprocessing = 1;
		};
		D88DEB122D130048000FE8B8 /* CopyFiles */ = {
			isa = PBXCopyFilesBuildPhase;
			buildActionMask = 2147483647;
			dstPath = /usr/share/man/man1/;
			dstSubfolderSpec = 0;
			files = (
			);
			runOnlyForDeploymentPostprocessing = 1;
		};
		D88DEB272D130B12000FE8B8 /* CopyFiles */ = {
			isa = PBXCopyFilesBuildPhase;
			buildActionMask = 2147483647;
			dstPath = /usr/share/man/man1/;
			dstSubfolderSpec = 0;
			files = (
			);
			runOnlyForDeploymentPostprocessing = 1;
		};
		D8CCAAB82D10724E00950A53 /* CopyFiles */ = {
			isa = PBXCopyFilesBuildPhase;
			buildActionMask = 2147483647;
			dstPath = /usr/share/man/man1/;
			dstSubfolderSpec = 0;
			files = (
			);
			runOnlyForDeploymentPostprocessing = 1;
		};
		D8FBC48F2D08905D00BF2B9B /* CopyFiles */ = {
			isa = PBXCopyFilesBuildPhase;
			buildActionMask = 2147483647;
			dstPath = /usr/share/man/man1/;
			dstSubfolderSpec = 0;
			files = (
			);
			runOnlyForDeploymentPostprocessing = 1;
		};
		F904EC7A2D146D2D008982D3 /* CopyFiles */ = {
			isa = PBXCopyFilesBuildPhase;
			buildActionMask = 2147483647;
			dstPath = /usr/share/man/man1/;
			dstSubfolderSpec = 0;
			files = (
			);
			runOnlyForDeploymentPostprocessing = 1;
		};
/* End PBXCopyFilesBuildPhase section */

/* Begin PBXFileReference section */
		D80FBE412D192B2200935952 /* 네트워크 */ = {isa = PBXFileReference; explicitFileType = "compiled.mach-o.executable"; includeInIndex = 0; path = "네트워크"; sourceTree = BUILT_PRODUCTS_DIR; };
		D80FBE5A2D19311300935952 /* 단어변환 */ = {isa = PBXFileReference; explicitFileType = "compiled.mach-o.executable"; includeInIndex = 0; path = "단어변환"; sourceTree = BUILT_PRODUCTS_DIR; };
		D80FBE752D1957C400935952 /* 여행경로 */ = {isa = PBXFileReference; explicitFileType = "compiled.mach-o.executable"; includeInIndex = 0; path = "여행경로"; sourceTree = BUILT_PRODUCTS_DIR; };
		D80FBE922D19AD0200935952 /* 방문길이 */ = {isa = PBXFileReference; explicitFileType = "compiled.mach-o.executable"; includeInIndex = 0; path = "방문길이"; sourceTree = BUILT_PRODUCTS_DIR; };
		D80FBEB12D19BC9F00935952 /* 최소직사각형 */ = {isa = PBXFileReference; explicitFileType = "compiled.mach-o.executable"; includeInIndex = 0; path = "최소직사각형"; sourceTree = BUILT_PRODUCTS_DIR; };
		D80FBED22D19BDF200935952 /* 모의고사 */ = {isa = PBXFileReference; explicitFileType = "compiled.mach-o.executable"; includeInIndex = 0; path = "모의고사"; sourceTree = BUILT_PRODUCTS_DIR; };
		D824C56C2D1D31CE007F7F50 /* 이모티콘할인행사 */ = {isa = PBXFileReference; explicitFileType = "compiled.mach-o.executable"; includeInIndex = 0; path = "이모티콘할인행사"; sourceTree = BUILT_PRODUCTS_DIR; };
		D824C5AD2D1D7D10007F7F50 /* 퍼즐게임챌린지 */ = {isa = PBXFileReference; explicitFileType = "compiled.mach-o.executable"; includeInIndex = 0; path = "퍼즐게임챌린지"; sourceTree = BUILT_PRODUCTS_DIR; };
		D83FF8C92D22DF2700BBBD44 /* 체육복 */ = {isa = PBXFileReference; explicitFileType = "compiled.mach-o.executable"; includeInIndex = 0; path = "체육복"; sourceTree = BUILT_PRODUCTS_DIR; };
		D86953412D043E240040D748 /* MyAlgorithm */ = {isa = PBXFileReference; explicitFileType = "compiled.mach-o.executable"; includeInIndex = 0; path = MyAlgorithm; sourceTree = BUILT_PRODUCTS_DIR; };
		D869534F2D0440ED0040D748 /* ParenthesisString */ = {isa = PBXFileReference; explicitFileType = "compiled.mach-o.executable"; includeInIndex = 0; path = ParenthesisString; sourceTree = BUILT_PRODUCTS_DIR; };
		D88DEB142D130048000FE8B8 /* 카펫 */ = {isa = PBXFileReference; explicitFileType = "compiled.mach-o.executable"; includeInIndex = 0; path = "카펫"; sourceTree = BUILT_PRODUCTS_DIR; };
		D88DEB292D130B12000FE8B8 /* 귤고르기 */ = {isa = PBXFileReference; explicitFileType = "compiled.mach-o.executable"; includeInIndex = 0; path = "귤고르기"; sourceTree = BUILT_PRODUCTS_DIR; };
		D8CCAABA2D10724E00950A53 /* 덧칠하기 */ = {isa = PBXFileReference; explicitFileType = "compiled.mach-o.executable"; includeInIndex = 0; path = "덧칠하기"; sourceTree = BUILT_PRODUCTS_DIR; };
		D8FBC4912D08905D00BF2B9B /* cardBundle */ = {isa = PBXFileReference; explicitFileType = "compiled.mach-o.executable"; includeInIndex = 0; path = cardBundle; sourceTree = BUILT_PRODUCTS_DIR; };
		F904EC7C2D146D2D008982D3 /* 타겟넘버 */ = {isa = PBXFileReference; explicitFileType = "compiled.mach-o.executable"; includeInIndex = 0; path = "타겟넘버"; sourceTree = BUILT_PRODUCTS_DIR; };
/* End PBXFileReference section */

/* Begin PBXFileSystemSynchronizedRootGroup section */
		D80FBE422D192B2200935952 /* 네트워크 */ = {
			isa = PBXFileSystemSynchronizedRootGroup;
			path = "네트워크";
			sourceTree = "<group>";
		};
		D80FBE5B2D19311300935952 /* 단어변환 */ = {
			isa = PBXFileSystemSynchronizedRootGroup;
			path = "단어변환";
			sourceTree = "<group>";
		};
		D80FBE762D1957C400935952 /* 여행경로 */ = {
			isa = PBXFileSystemSynchronizedRootGroup;
			path = "여행경로";
			sourceTree = "<group>";
		};
		D80FBE932D19AD0300935952 /* 방문길이 */ = {
			isa = PBXFileSystemSynchronizedRootGroup;
			path = "방문길이";
			sourceTree = "<group>";
		};
		D80FBEB22D19BC9F00935952 /* 최소직사각형 */ = {
			isa = PBXFileSystemSynchronizedRootGroup;
			path = "최소직사각형";
			sourceTree = "<group>";
		};
		D80FBED32D19BDF200935952 /* 모의고사 */ = {
			isa = PBXFileSystemSynchronizedRootGroup;
			path = "모의고사";
			sourceTree = "<group>";
		};
		D824C56D2D1D31CE007F7F50 /* 이모티콘할인행사 */ = {
			isa = PBXFileSystemSynchronizedRootGroup;
			path = "이모티콘할인행사";
			sourceTree = "<group>";
		};
		D824C5AE2D1D7D10007F7F50 /* 퍼즐게임챌린지 */ = {
			isa = PBXFileSystemSynchronizedRootGroup;
			path = "퍼즐게임챌린지";
			sourceTree = "<group>";
		};
		D83FF8CA2D22DF2700BBBD44 /* 체육복 */ = {
			isa = PBXFileSystemSynchronizedRootGroup;
			path = "체육복";
			sourceTree = "<group>";
		};
		D86953432D043E240040D748 /* MyAlgorithm */ = {
			isa = PBXFileSystemSynchronizedRootGroup;
			path = MyAlgorithm;
			sourceTree = "<group>";
		};
		D86953502D0440ED0040D748 /* ParenthesisString */ = {
			isa = PBXFileSystemSynchronizedRootGroup;
			path = ParenthesisString;
			sourceTree = "<group>";
		};
		D88DEB152D130048000FE8B8 /* 카펫 */ = {
			isa = PBXFileSystemSynchronizedRootGroup;
			path = "카펫";
			sourceTree = "<group>";
		};
		D88DEB2A2D130B12000FE8B8 /* 귤고르기 */ = {
			isa = PBXFileSystemSynchronizedRootGroup;
			path = "귤고르기";
			sourceTree = "<group>";
		};
		D8CCAABB2D10724E00950A53 /* 덧칠하기 */ = {
			isa = PBXFileSystemSynchronizedRootGroup;
			path = "덧칠하기";
			sourceTree = "<group>";
		};
		D8FBC4922D08905D00BF2B9B /* cardBundle */ = {
			isa = PBXFileSystemSynchronizedRootGroup;
			path = cardBundle;
			sourceTree = "<group>";
		};
		F904EC7D2D146D2D008982D3 /* 타겟넘버 */ = {
			isa = PBXFileSystemSynchronizedRootGroup;
			path = "타겟넘버";
			sourceTree = "<group>";
		};
/* End PBXFileSystemSynchronizedRootGroup section */

/* Begin PBXFrameworksBuildPhase section */
		D80FBE3E2D192B2200935952 /* Frameworks */ = {
			isa = PBXFrameworksBuildPhase;
			buildActionMask = 2147483647;
			files = (
			);
			runOnlyForDeploymentPostprocessing = 0;
		};
		D80FBE572D19311300935952 /* Frameworks */ = {
			isa = PBXFrameworksBuildPhase;
			buildActionMask = 2147483647;
			files = (
			);
			runOnlyForDeploymentPostprocessing = 0;
		};
		D80FBE722D1957C400935952 /* Frameworks */ = {
			isa = PBXFrameworksBuildPhase;
			buildActionMask = 2147483647;
			files = (
			);
			runOnlyForDeploymentPostprocessing = 0;
		};
		D80FBE8F2D19AD0200935952 /* Frameworks */ = {
			isa = PBXFrameworksBuildPhase;
			buildActionMask = 2147483647;
			files = (
			);
			runOnlyForDeploymentPostprocessing = 0;
		};
		D80FBEAE2D19BC9F00935952 /* Frameworks */ = {
			isa = PBXFrameworksBuildPhase;
			buildActionMask = 2147483647;
			files = (
			);
			runOnlyForDeploymentPostprocessing = 0;
		};
		D80FBECF2D19BDF200935952 /* Frameworks */ = {
			isa = PBXFrameworksBuildPhase;
			buildActionMask = 2147483647;
			files = (
			);
			runOnlyForDeploymentPostprocessing = 0;
		};
		D824C5692D1D31CE007F7F50 /* Frameworks */ = {
			isa = PBXFrameworksBuildPhase;
			buildActionMask = 2147483647;
			files = (
			);
			runOnlyForDeploymentPostprocessing = 0;
		};
		D824C5AA2D1D7D0F007F7F50 /* Frameworks */ = {
			isa = PBXFrameworksBuildPhase;
			buildActionMask = 2147483647;
			files = (
			);
			runOnlyForDeploymentPostprocessing = 0;
		};
		D83FF8C62D22DF2700BBBD44 /* Frameworks */ = {
			isa = PBXFrameworksBuildPhase;
			buildActionMask = 2147483647;
			files = (
			);
			runOnlyForDeploymentPostprocessing = 0;
		};
		D869533E2D043E240040D748 /* Frameworks */ = {
			isa = PBXFrameworksBuildPhase;
			buildActionMask = 2147483647;
			files = (
			);
			runOnlyForDeploymentPostprocessing = 0;
		};
		D869534C2D0440ED0040D748 /* Frameworks */ = {
			isa = PBXFrameworksBuildPhase;
			buildActionMask = 2147483647;
			files = (
			);
			runOnlyForDeploymentPostprocessing = 0;
		};
		D88DEB112D130048000FE8B8 /* Frameworks */ = {
			isa = PBXFrameworksBuildPhase;
			buildActionMask = 2147483647;
			files = (
			);
			runOnlyForDeploymentPostprocessing = 0;
		};
		D88DEB262D130B12000FE8B8 /* Frameworks */ = {
			isa = PBXFrameworksBuildPhase;
			buildActionMask = 2147483647;
			files = (
			);
			runOnlyForDeploymentPostprocessing = 0;
		};
		D8CCAAB72D10724E00950A53 /* Frameworks */ = {
			isa = PBXFrameworksBuildPhase;
			buildActionMask = 2147483647;
			files = (
			);
			runOnlyForDeploymentPostprocessing = 0;
		};
		D8FBC48E2D08905D00BF2B9B /* Frameworks */ = {
			isa = PBXFrameworksBuildPhase;
			buildActionMask = 2147483647;
			files = (
			);
			runOnlyForDeploymentPostprocessing = 0;
		};
		F904EC792D146D2D008982D3 /* Frameworks */ = {
			isa = PBXFrameworksBuildPhase;
			buildActionMask = 2147483647;
			files = (
			);
			runOnlyForDeploymentPostprocessing = 0;
		};
/* End PBXFrameworksBuildPhase section */

/* Begin PBXGroup section */
		D86953382D043E230040D748 = {
			isa = PBXGroup;
			children = (
				D86953432D043E240040D748 /* MyAlgorithm */,
				D86953502D0440ED0040D748 /* ParenthesisString */,
				D8FBC4922D08905D00BF2B9B /* cardBundle */,
				D8CCAABB2D10724E00950A53 /* 덧칠하기 */,
				D88DEB152D130048000FE8B8 /* 카펫 */,
				D88DEB2A2D130B12000FE8B8 /* 귤고르기 */,
				D80FBE422D192B2200935952 /* 네트워크 */,
				D80FBE5B2D19311300935952 /* 단어변환 */,
				D80FBE762D1957C400935952 /* 여행경로 */,
				D80FBE932D19AD0300935952 /* 방문길이 */,
				D80FBEB22D19BC9F00935952 /* 최소직사각형 */,
				D80FBED32D19BDF200935952 /* 모의고사 */,
				D824C56D2D1D31CE007F7F50 /* 이모티콘할인행사 */,
				F904EC7D2D146D2D008982D3 /* 타겟넘버 */,
				D824C5AE2D1D7D10007F7F50 /* 퍼즐게임챌린지 */,
				D83FF8CA2D22DF2700BBBD44 /* 체육복 */,
				D86953422D043E240040D748 /* Products */,
			);
			sourceTree = "<group>";
		};
		D86953422D043E240040D748 /* Products */ = {
			isa = PBXGroup;
			children = (
				D86953412D043E240040D748 /* MyAlgorithm */,
				D869534F2D0440ED0040D748 /* ParenthesisString */,
				D8FBC4912D08905D00BF2B9B /* cardBundle */,
				D8CCAABA2D10724E00950A53 /* 덧칠하기 */,
				D88DEB142D130048000FE8B8 /* 카펫 */,
				D88DEB292D130B12000FE8B8 /* 귤고르기 */,
				D80FBE412D192B2200935952 /* 네트워크 */,
				D80FBE5A2D19311300935952 /* 단어변환 */,
				D80FBE752D1957C400935952 /* 여행경로 */,
				D80FBE922D19AD0200935952 /* 방문길이 */,
				D80FBEB12D19BC9F00935952 /* 최소직사각형 */,
				D80FBED22D19BDF200935952 /* 모의고사 */,
				D824C56C2D1D31CE007F7F50 /* 이모티콘할인행사 */,
				F904EC7C2D146D2D008982D3 /* 타겟넘버 */,
				D824C5AD2D1D7D10007F7F50 /* 퍼즐게임챌린지 */,
				D83FF8C92D22DF2700BBBD44 /* 체육복 */,
			);
			name = Products;
			sourceTree = "<group>";
		};
/* End PBXGroup section */

/* Begin PBXNativeTarget section */
		D80FBE402D192B2200935952 /* 네트워크 */ = {
			isa = PBXNativeTarget;
			buildConfigurationList = D80FBE472D192B2200935952 /* Build configuration list for PBXNativeTarget "네트워크" */;
			buildPhases = (
				D80FBE3D2D192B2200935952 /* Sources */,
				D80FBE3E2D192B2200935952 /* Frameworks */,
				D80FBE3F2D192B2200935952 /* CopyFiles */,
			);
			buildRules = (
			);
			dependencies = (
			);
			fileSystemSynchronizedGroups = (
				D80FBE422D192B2200935952 /* 네트워크 */,
			);
			name = "네트워크";
			packageProductDependencies = (
			);
			productName = "네트워크";
			productReference = D80FBE412D192B2200935952 /* 네트워크 */;
			productType = "com.apple.product-type.tool";
		};
		D80FBE592D19311300935952 /* 단어변환 */ = {
			isa = PBXNativeTarget;
			buildConfigurationList = D80FBE602D19311300935952 /* Build configuration list for PBXNativeTarget "단어변환" */;
			buildPhases = (
				D80FBE562D19311300935952 /* Sources */,
				D80FBE572D19311300935952 /* Frameworks */,
				D80FBE582D19311300935952 /* CopyFiles */,
			);
			buildRules = (
			);
			dependencies = (
			);
			fileSystemSynchronizedGroups = (
				D80FBE5B2D19311300935952 /* 단어변환 */,
			);
			name = "단어변환";
			packageProductDependencies = (
			);
			productName = "단어변환";
			productReference = D80FBE5A2D19311300935952 /* 단어변환 */;
			productType = "com.apple.product-type.tool";
		};
		D80FBE742D1957C400935952 /* 여행경로 */ = {
			isa = PBXNativeTarget;
			buildConfigurationList = D80FBE7B2D1957C400935952 /* Build configuration list for PBXNativeTarget "여행경로" */;
			buildPhases = (
				D80FBE712D1957C400935952 /* Sources */,
				D80FBE722D1957C400935952 /* Frameworks */,
				D80FBE732D1957C400935952 /* CopyFiles */,
			);
			buildRules = (
			);
			dependencies = (
			);
			fileSystemSynchronizedGroups = (
				D80FBE762D1957C400935952 /* 여행경로 */,
			);
			name = "여행경로";
			packageProductDependencies = (
			);
			productName = "여행경로";
			productReference = D80FBE752D1957C400935952 /* 여행경로 */;
			productType = "com.apple.product-type.tool";
		};
		D80FBE912D19AD0200935952 /* 방문길이 */ = {
			isa = PBXNativeTarget;
			buildConfigurationList = D80FBE982D19AD0300935952 /* Build configuration list for PBXNativeTarget "방문길이" */;
			buildPhases = (
				D80FBE8E2D19AD0200935952 /* Sources */,
				D80FBE8F2D19AD0200935952 /* Frameworks */,
				D80FBE902D19AD0200935952 /* CopyFiles */,
			);
			buildRules = (
			);
			dependencies = (
			);
			fileSystemSynchronizedGroups = (
				D80FBE932D19AD0300935952 /* 방문길이 */,
			);
			name = "방문길이";
			packageProductDependencies = (
			);
			productName = "방문길이";
			productReference = D80FBE922D19AD0200935952 /* 방문길이 */;
			productType = "com.apple.product-type.tool";
		};
		D80FBEB02D19BC9F00935952 /* 최소직사각형 */ = {
			isa = PBXNativeTarget;
			buildConfigurationList = D80FBEB72D19BC9F00935952 /* Build configuration list for PBXNativeTarget "최소직사각형" */;
			buildPhases = (
				D80FBEAD2D19BC9F00935952 /* Sources */,
				D80FBEAE2D19BC9F00935952 /* Frameworks */,
				D80FBEAF2D19BC9F00935952 /* CopyFiles */,
			);
			buildRules = (
			);
			dependencies = (
			);
			fileSystemSynchronizedGroups = (
				D80FBEB22D19BC9F00935952 /* 최소직사각형 */,
			);
			name = "최소직사각형";
			packageProductDependencies = (
			);
			productName = "최소직사각형";
			productReference = D80FBEB12D19BC9F00935952 /* 최소직사각형 */;
			productType = "com.apple.product-type.tool";
		};
		D80FBED12D19BDF200935952 /* 모의고사 */ = {
			isa = PBXNativeTarget;
			buildConfigurationList = D80FBED82D19BDF200935952 /* Build configuration list for PBXNativeTarget "모의고사" */;
			buildPhases = (
				D80FBECE2D19BDF200935952 /* Sources */,
				D80FBECF2D19BDF200935952 /* Frameworks */,
				D80FBED02D19BDF200935952 /* CopyFiles */,
			);
			buildRules = (
			);
			dependencies = (
			);
			fileSystemSynchronizedGroups = (
				D80FBED32D19BDF200935952 /* 모의고사 */,
			);
			name = "모의고사";
			packageProductDependencies = (
			);
			productName = "모의고사";
			productReference = D80FBED22D19BDF200935952 /* 모의고사 */;
			productType = "com.apple.product-type.tool";
		};
		D824C56B2D1D31CE007F7F50 /* 이모티콘할인행사 */ = {
			isa = PBXNativeTarget;
			buildConfigurationList = D824C5722D1D31CE007F7F50 /* Build configuration list for PBXNativeTarget "이모티콘할인행사" */;
			buildPhases = (
				D824C5682D1D31CE007F7F50 /* Sources */,
				D824C5692D1D31CE007F7F50 /* Frameworks */,
				D824C56A2D1D31CE007F7F50 /* CopyFiles */,
			);
			buildRules = (
			);
			dependencies = (
			);
			fileSystemSynchronizedGroups = (
				D824C56D2D1D31CE007F7F50 /* 이모티콘할인행사 */,
			);
			name = "이모티콘할인행사";
			packageProductDependencies = (
			);
			productName = "이모티콘할인행사";
			productReference = D824C56C2D1D31CE007F7F50 /* 이모티콘할인행사 */;
			productType = "com.apple.product-type.tool";
		};
		D824C5AC2D1D7D0F007F7F50 /* 퍼즐게임챌린지 */ = {
			isa = PBXNativeTarget;
			buildConfigurationList = D824C5B32D1D7D10007F7F50 /* Build configuration list for PBXNativeTarget "퍼즐게임챌린지" */;
			buildPhases = (
				D824C5A92D1D7D0F007F7F50 /* Sources */,
				D824C5AA2D1D7D0F007F7F50 /* Frameworks */,
				D824C5AB2D1D7D0F007F7F50 /* CopyFiles */,
			);
			buildRules = (
			);
			dependencies = (
			);
			fileSystemSynchronizedGroups = (
				D824C5AE2D1D7D10007F7F50 /* 퍼즐게임챌린지 */,
			);
			name = "퍼즐게임챌린지";
			packageProductDependencies = (
			);
			productName = "퍼즐게임챌린지";
			productReference = D824C5AD2D1D7D10007F7F50 /* 퍼즐게임챌린지 */;
			productType = "com.apple.product-type.tool";
		};
		D83FF8C82D22DF2700BBBD44 /* 체육복 */ = {
			isa = PBXNativeTarget;
			buildConfigurationList = D83FF8CF2D22DF2700BBBD44 /* Build configuration list for PBXNativeTarget "체육복" */;
			buildPhases = (
				D83FF8C52D22DF2700BBBD44 /* Sources */,
				D83FF8C62D22DF2700BBBD44 /* Frameworks */,
				D83FF8C72D22DF2700BBBD44 /* CopyFiles */,
			);
			buildRules = (
			);
			dependencies = (
			);
			fileSystemSynchronizedGroups = (
				D83FF8CA2D22DF2700BBBD44 /* 체육복 */,
			);
			name = "체육복";
			packageProductDependencies = (
			);
			productName = "체육복";
			productReference = D83FF8C92D22DF2700BBBD44 /* 체육복 */;
			productType = "com.apple.product-type.tool";
		};
		D86953402D043E240040D748 /* MyAlgorithm */ = {
			isa = PBXNativeTarget;
			buildConfigurationList = D86953482D043E240040D748 /* Build configuration list for PBXNativeTarget "MyAlgorithm" */;
			buildPhases = (
				D869533D2D043E240040D748 /* Sources */,
				D869533E2D043E240040D748 /* Frameworks */,
				D869533F2D043E240040D748 /* CopyFiles */,
			);
			buildRules = (
			);
			dependencies = (
			);
			fileSystemSynchronizedGroups = (
				D86953432D043E240040D748 /* MyAlgorithm */,
			);
			name = MyAlgorithm;
			packageProductDependencies = (
			);
			productName = MyAlgorithm;
			productReference = D86953412D043E240040D748 /* MyAlgorithm */;
			productType = "com.apple.product-type.tool";
		};
		D869534E2D0440ED0040D748 /* ParenthesisString */ = {
			isa = PBXNativeTarget;
			buildConfigurationList = D86953532D0440ED0040D748 /* Build configuration list for PBXNativeTarget "ParenthesisString" */;
			buildPhases = (
				D869534B2D0440ED0040D748 /* Sources */,
				D869534C2D0440ED0040D748 /* Frameworks */,
				D869534D2D0440ED0040D748 /* CopyFiles */,
			);
			buildRules = (
			);
			dependencies = (
			);
			fileSystemSynchronizedGroups = (
				D86953502D0440ED0040D748 /* ParenthesisString */,
			);
			name = ParenthesisString;
			packageProductDependencies = (
			);
			productName = ParenthesisString;
			productReference = D869534F2D0440ED0040D748 /* ParenthesisString */;
			productType = "com.apple.product-type.tool";
		};
		D88DEB132D130048000FE8B8 /* 카펫 */ = {
			isa = PBXNativeTarget;
			buildConfigurationList = D88DEB1A2D130048000FE8B8 /* Build configuration list for PBXNativeTarget "카펫" */;
			buildPhases = (
				D88DEB102D130048000FE8B8 /* Sources */,
				D88DEB112D130048000FE8B8 /* Frameworks */,
				D88DEB122D130048000FE8B8 /* CopyFiles */,
			);
			buildRules = (
			);
			dependencies = (
			);
			fileSystemSynchronizedGroups = (
				D88DEB152D130048000FE8B8 /* 카펫 */,
			);
			name = "카펫";
			packageProductDependencies = (
			);
			productName = "카펫";
			productReference = D88DEB142D130048000FE8B8 /* 카펫 */;
			productType = "com.apple.product-type.tool";
		};
		D88DEB282D130B12000FE8B8 /* 귤고르기 */ = {
			isa = PBXNativeTarget;
			buildConfigurationList = D88DEB2F2D130B12000FE8B8 /* Build configuration list for PBXNativeTarget "귤고르기" */;
			buildPhases = (
				D88DEB252D130B12000FE8B8 /* Sources */,
				D88DEB262D130B12000FE8B8 /* Frameworks */,
				D88DEB272D130B12000FE8B8 /* CopyFiles */,
			);
			buildRules = (
			);
			dependencies = (
			);
			fileSystemSynchronizedGroups = (
				D88DEB2A2D130B12000FE8B8 /* 귤고르기 */,
			);
			name = "귤고르기";
			packageProductDependencies = (
			);
			productName = "귤고르기";
			productReference = D88DEB292D130B12000FE8B8 /* 귤고르기 */;
			productType = "com.apple.product-type.tool";
		};
		D8CCAAB92D10724E00950A53 /* 덧칠하기 */ = {
			isa = PBXNativeTarget;
			buildConfigurationList = D8CCAAC02D10724E00950A53 /* Build configuration list for PBXNativeTarget "덧칠하기" */;
			buildPhases = (
				D8CCAAB62D10724E00950A53 /* Sources */,
				D8CCAAB72D10724E00950A53 /* Frameworks */,
				D8CCAAB82D10724E00950A53 /* CopyFiles */,
			);
			buildRules = (
			);
			dependencies = (
			);
			fileSystemSynchronizedGroups = (
				D8CCAABB2D10724E00950A53 /* 덧칠하기 */,
			);
			name = "덧칠하기";
			packageProductDependencies = (
			);
			productName = "덧칠하기";
			productReference = D8CCAABA2D10724E00950A53 /* 덧칠하기 */;
			productType = "com.apple.product-type.tool";
		};
		D8FBC4902D08905D00BF2B9B /* cardBundle */ = {
			isa = PBXNativeTarget;
			buildConfigurationList = D8FBC4972D08905D00BF2B9B /* Build configuration list for PBXNativeTarget "cardBundle" */;
			buildPhases = (
				D8FBC48D2D08905D00BF2B9B /* Sources */,
				D8FBC48E2D08905D00BF2B9B /* Frameworks */,
				D8FBC48F2D08905D00BF2B9B /* CopyFiles */,
			);
			buildRules = (
			);
			dependencies = (
			);
			fileSystemSynchronizedGroups = (
				D8FBC4922D08905D00BF2B9B /* cardBundle */,
			);
			name = cardBundle;
			packageProductDependencies = (
			);
			productName = cardBundle;
			productReference = D8FBC4912D08905D00BF2B9B /* cardBundle */;
			productType = "com.apple.product-type.tool";
		};
		F904EC7B2D146D2D008982D3 /* 타겟넘버 */ = {
			isa = PBXNativeTarget;
			buildConfigurationList = F904EC822D146D2D008982D3 /* Build configuration list for PBXNativeTarget "타겟넘버" */;
			buildPhases = (
				F904EC782D146D2D008982D3 /* Sources */,
				F904EC792D146D2D008982D3 /* Frameworks */,
				F904EC7A2D146D2D008982D3 /* CopyFiles */,
			);
			buildRules = (
			);
			dependencies = (
			);
			fileSystemSynchronizedGroups = (
				F904EC7D2D146D2D008982D3 /* 타겟넘버 */,
			);
			name = "타겟넘버";
			packageProductDependencies = (
			);
			productName = "타겟넘버";
			productReference = F904EC7C2D146D2D008982D3 /* 타겟넘버 */;
			productType = "com.apple.product-type.tool";
		};
/* End PBXNativeTarget section */

/* Begin PBXProject section */
		D86953392D043E240040D748 /* Project object */ = {
			isa = PBXProject;
			attributes = {
				BuildIndependentTargetsInParallel = 1;
				LastSwiftUpdateCheck = 1610;
				LastUpgradeCheck = 1610;
				TargetAttributes = {
					D80FBE402D192B2200935952 = {
						CreatedOnToolsVersion = 16.1;
					};
					D80FBE592D19311300935952 = {
						CreatedOnToolsVersion = 16.1;
					};
					D80FBE742D1957C400935952 = {
						CreatedOnToolsVersion = 16.1;
					};
					D80FBE912D19AD0200935952 = {
						CreatedOnToolsVersion = 16.1;
					};
					D80FBEB02D19BC9F00935952 = {
						CreatedOnToolsVersion = 16.1;
					};
					D80FBED12D19BDF200935952 = {
						CreatedOnToolsVersion = 16.1;
					};
					D824C56B2D1D31CE007F7F50 = {
						CreatedOnToolsVersion = 16.1;
					};
					D824C5AC2D1D7D0F007F7F50 = {
						CreatedOnToolsVersion = 16.1;
					};
					D83FF8C82D22DF2700BBBD44 = {
						CreatedOnToolsVersion = 16.1;
					};
					D86953402D043E240040D748 = {
						CreatedOnToolsVersion = 16.1;
					};
					D869534E2D0440ED0040D748 = {
						CreatedOnToolsVersion = 16.1;
					};
					D88DEB132D130048000FE8B8 = {
						CreatedOnToolsVersion = 16.1;
					};
					D88DEB282D130B12000FE8B8 = {
						CreatedOnToolsVersion = 16.1;
					};
					D8CCAAB92D10724E00950A53 = {
						CreatedOnToolsVersion = 16.1;
					};
					D8FBC4902D08905D00BF2B9B = {
						CreatedOnToolsVersion = 16.1;
					};
					F904EC7B2D146D2D008982D3 = {
						CreatedOnToolsVersion = 16.1;
					};
				};
			};
			buildConfigurationList = D869533C2D043E240040D748 /* Build configuration list for PBXProject "MyAlgorithm" */;
			developmentRegion = en;
			hasScannedForEncodings = 0;
			knownRegions = (
				en,
				Base,
			);
			mainGroup = D86953382D043E230040D748;
			minimizedProjectReferenceProxies = 1;
			preferredProjectObjectVersion = 77;
			productRefGroup = D86953422D043E240040D748 /* Products */;
			projectDirPath = "";
			projectRoot = "";
			targets = (
				D86953402D043E240040D748 /* MyAlgorithm */,
				D869534E2D0440ED0040D748 /* ParenthesisString */,
				D8FBC4902D08905D00BF2B9B /* cardBundle */,
				D8CCAAB92D10724E00950A53 /* 덧칠하기 */,
				D88DEB132D130048000FE8B8 /* 카펫 */,
				D88DEB282D130B12000FE8B8 /* 귤고르기 */,
				D80FBE402D192B2200935952 /* 네트워크 */,
				D80FBE592D19311300935952 /* 단어변환 */,
				D80FBE742D1957C400935952 /* 여행경로 */,
				D80FBE912D19AD0200935952 /* 방문길이 */,
				D80FBEB02D19BC9F00935952 /* 최소직사각형 */,
				D80FBED12D19BDF200935952 /* 모의고사 */,
				D824C56B2D1D31CE007F7F50 /* 이모티콘할인행사 */,
				F904EC7B2D146D2D008982D3 /* 타겟넘버 */,
				D824C5AC2D1D7D0F007F7F50 /* 퍼즐게임챌린지 */,
				D83FF8C82D22DF2700BBBD44 /* 체육복 */,
			);
		};
/* End PBXProject section */

/* Begin PBXSourcesBuildPhase section */
		D80FBE3D2D192B2200935952 /* Sources */ = {
			isa = PBXSourcesBuildPhase;
			buildActionMask = 2147483647;
			files = (
			);
			runOnlyForDeploymentPostprocessing = 0;
		};
		D80FBE562D19311300935952 /* Sources */ = {
			isa = PBXSourcesBuildPhase;
			buildActionMask = 2147483647;
			files = (
			);
			runOnlyForDeploymentPostprocessing = 0;
		};
		D80FBE712D1957C400935952 /* Sources */ = {
			isa = PBXSourcesBuildPhase;
			buildActionMask = 2147483647;
			files = (
			);
			runOnlyForDeploymentPostprocessing = 0;
		};
		D80FBE8E2D19AD0200935952 /* Sources */ = {
			isa = PBXSourcesBuildPhase;
			buildActionMask = 2147483647;
			files = (
			);
			runOnlyForDeploymentPostprocessing = 0;
		};
		D80FBEAD2D19BC9F00935952 /* Sources */ = {
			isa = PBXSourcesBuildPhase;
			buildActionMask = 2147483647;
			files = (
			);
			runOnlyForDeploymentPostprocessing = 0;
		};
		D80FBECE2D19BDF200935952 /* Sources */ = {
			isa = PBXSourcesBuildPhase;
			buildActionMask = 2147483647;
			files = (
			);
			runOnlyForDeploymentPostprocessing = 0;
		};
		D824C5682D1D31CE007F7F50 /* Sources */ = {
			isa = PBXSourcesBuildPhase;
			buildActionMask = 2147483647;
			files = (
			);
			runOnlyForDeploymentPostprocessing = 0;
		};
		D824C5A92D1D7D0F007F7F50 /* Sources */ = {
			isa = PBXSourcesBuildPhase;
			buildActionMask = 2147483647;
			files = (
			);
			runOnlyForDeploymentPostprocessing = 0;
		};
		D83FF8C52D22DF2700BBBD44 /* Sources */ = {
			isa = PBXSourcesBuildPhase;
			buildActionMask = 2147483647;
			files = (
			);
			runOnlyForDeploymentPostprocessing = 0;
		};
		D869533D2D043E240040D748 /* Sources */ = {
			isa = PBXSourcesBuildPhase;
			buildActionMask = 2147483647;
			files = (
			);
			runOnlyForDeploymentPostprocessing = 0;
		};
		D869534B2D0440ED0040D748 /* Sources */ = {
			isa = PBXSourcesBuildPhase;
			buildActionMask = 2147483647;
			files = (
			);
			runOnlyForDeploymentPostprocessing = 0;
		};
		D88DEB102D130048000FE8B8 /* Sources */ = {
			isa = PBXSourcesBuildPhase;
			buildActionMask = 2147483647;
			files = (
			);
			runOnlyForDeploymentPostprocessing = 0;
		};
		D88DEB252D130B12000FE8B8 /* Sources */ = {
			isa = PBXSourcesBuildPhase;
			buildActionMask = 2147483647;
			files = (
			);
			runOnlyForDeploymentPostprocessing = 0;
		};
		D8CCAAB62D10724E00950A53 /* Sources */ = {
			isa = PBXSourcesBuildPhase;
			buildActionMask = 2147483647;
			files = (
			);
			runOnlyForDeploymentPostprocessing = 0;
		};
		D8FBC48D2D08905D00BF2B9B /* Sources */ = {
			isa = PBXSourcesBuildPhase;
			buildActionMask = 2147483647;
			files = (
			);
			runOnlyForDeploymentPostprocessing = 0;
		};
		F904EC782D146D2D008982D3 /* Sources */ = {
			isa = PBXSourcesBuildPhase;
			buildActionMask = 2147483647;
			files = (
			);
			runOnlyForDeploymentPostprocessing = 0;
		};
/* End PBXSourcesBuildPhase section */

/* Begin XCBuildConfiguration section */
		D80FBE452D192B2200935952 /* Debug */ = {
			isa = XCBuildConfiguration;
			buildSettings = {
				CODE_SIGN_STYLE = Automatic;
				DEVELOPMENT_TEAM = 846TMZL7WC;
				ENABLE_HARDENED_RUNTIME = YES;
				PRODUCT_NAME = "$(TARGET_NAME)";
				SWIFT_VERSION = 5.0;
			};
			name = Debug;
		};
		D80FBE462D192B2200935952 /* Release */ = {
			isa = XCBuildConfiguration;
			buildSettings = {
				CODE_SIGN_STYLE = Automatic;
				DEVELOPMENT_TEAM = 846TMZL7WC;
				ENABLE_HARDENED_RUNTIME = YES;
				PRODUCT_NAME = "$(TARGET_NAME)";
				SWIFT_VERSION = 5.0;
			};
			name = Release;
		};
		D80FBE5E2D19311300935952 /* Debug */ = {
			isa = XCBuildConfiguration;
			buildSettings = {
				CODE_SIGN_STYLE = Automatic;
				DEVELOPMENT_TEAM = 846TMZL7WC;
				ENABLE_HARDENED_RUNTIME = YES;
				PRODUCT_NAME = "$(TARGET_NAME)";
				SWIFT_VERSION = 5.0;
			};
			name = Debug;
		};
		D80FBE5F2D19311300935952 /* Release */ = {
			isa = XCBuildConfiguration;
			buildSettings = {
				CODE_SIGN_STYLE = Automatic;
				DEVELOPMENT_TEAM = 846TMZL7WC;
				ENABLE_HARDENED_RUNTIME = YES;
				PRODUCT_NAME = "$(TARGET_NAME)";
				SWIFT_VERSION = 5.0;
			};
			name = Release;
		};
		D80FBE792D1957C400935952 /* Debug */ = {
			isa = XCBuildConfiguration;
			buildSettings = {
				CODE_SIGN_STYLE = Automatic;
				DEVELOPMENT_TEAM = 846TMZL7WC;
				ENABLE_HARDENED_RUNTIME = YES;
				PRODUCT_NAME = "$(TARGET_NAME)";
				SWIFT_VERSION = 5.0;
			};
			name = Debug;
		};
		D80FBE7A2D1957C400935952 /* Release */ = {
			isa = XCBuildConfiguration;
			buildSettings = {
				CODE_SIGN_STYLE = Automatic;
				DEVELOPMENT_TEAM = 846TMZL7WC;
				ENABLE_HARDENED_RUNTIME = YES;
				PRODUCT_NAME = "$(TARGET_NAME)";
				SWIFT_VERSION = 5.0;
			};
			name = Release;
		};
		D80FBE962D19AD0300935952 /* Debug */ = {
			isa = XCBuildConfiguration;
			buildSettings = {
				CODE_SIGN_STYLE = Automatic;
				DEVELOPMENT_TEAM = 846TMZL7WC;
				ENABLE_HARDENED_RUNTIME = YES;
				PRODUCT_NAME = "$(TARGET_NAME)";
				SWIFT_VERSION = 5.0;
			};
			name = Debug;
		};
		D80FBE972D19AD0300935952 /* Release */ = {
			isa = XCBuildConfiguration;
			buildSettings = {
				CODE_SIGN_STYLE = Automatic;
				DEVELOPMENT_TEAM = 846TMZL7WC;
				ENABLE_HARDENED_RUNTIME = YES;
				PRODUCT_NAME = "$(TARGET_NAME)";
				SWIFT_VERSION = 5.0;
			};
			name = Release;
		};
		D80FBEB52D19BC9F00935952 /* Debug */ = {
			isa = XCBuildConfiguration;
			buildSettings = {
				CODE_SIGN_STYLE = Automatic;
				DEVELOPMENT_TEAM = 846TMZL7WC;
				ENABLE_HARDENED_RUNTIME = YES;
				PRODUCT_NAME = "$(TARGET_NAME)";
				SWIFT_VERSION = 5.0;
			};
			name = Debug;
		};
		D80FBEB62D19BC9F00935952 /* Release */ = {
			isa = XCBuildConfiguration;
			buildSettings = {
				CODE_SIGN_STYLE = Automatic;
				DEVELOPMENT_TEAM = 846TMZL7WC;
				ENABLE_HARDENED_RUNTIME = YES;
				PRODUCT_NAME = "$(TARGET_NAME)";
				SWIFT_VERSION = 5.0;
			};
			name = Release;
		};
		D80FBED62D19BDF200935952 /* Debug */ = {
			isa = XCBuildConfiguration;
			buildSettings = {
				CODE_SIGN_STYLE = Automatic;
				DEVELOPMENT_TEAM = 846TMZL7WC;
				ENABLE_HARDENED_RUNTIME = YES;
				PRODUCT_NAME = "$(TARGET_NAME)";
				SWIFT_VERSION = 5.0;
			};
			name = Debug;
		};
		D80FBED72D19BDF200935952 /* Release */ = {
			isa = XCBuildConfiguration;
			buildSettings = {
				CODE_SIGN_STYLE = Automatic;
				DEVELOPMENT_TEAM = 846TMZL7WC;
				ENABLE_HARDENED_RUNTIME = YES;
				PRODUCT_NAME = "$(TARGET_NAME)";
				SWIFT_VERSION = 5.0;
			};
			name = Release;
		};
		D824C5702D1D31CE007F7F50 /* Debug */ = {
			isa = XCBuildConfiguration;
			buildSettings = {
				CODE_SIGN_STYLE = Automatic;
				DEVELOPMENT_TEAM = 846TMZL7WC;
				ENABLE_HARDENED_RUNTIME = YES;
				PRODUCT_NAME = "$(TARGET_NAME)";
				SWIFT_VERSION = 5.0;
			};
			name = Debug;
		};
		D824C5712D1D31CE007F7F50 /* Release */ = {
			isa = XCBuildConfiguration;
			buildSettings = {
				CODE_SIGN_STYLE = Automatic;
				DEVELOPMENT_TEAM = 846TMZL7WC;
				ENABLE_HARDENED_RUNTIME = YES;
				PRODUCT_NAME = "$(TARGET_NAME)";
				SWIFT_VERSION = 5.0;
			};
			name = Release;
		};
		D824C5B12D1D7D10007F7F50 /* Debug */ = {
			isa = XCBuildConfiguration;
			buildSettings = {
				CODE_SIGN_STYLE = Automatic;
				DEVELOPMENT_TEAM = 846TMZL7WC;
				ENABLE_HARDENED_RUNTIME = YES;
				PRODUCT_NAME = "$(TARGET_NAME)";
				SWIFT_VERSION = 5.0;
			};
			name = Debug;
		};
		D824C5B22D1D7D10007F7F50 /* Release */ = {
			isa = XCBuildConfiguration;
			buildSettings = {
				CODE_SIGN_STYLE = Automatic;
				DEVELOPMENT_TEAM = 846TMZL7WC;
				ENABLE_HARDENED_RUNTIME = YES;
				PRODUCT_NAME = "$(TARGET_NAME)";
				SWIFT_VERSION = 5.0;
			};
			name = Release;
		};
		D83FF8CD2D22DF2700BBBD44 /* Debug */ = {
			isa = XCBuildConfiguration;
			buildSettings = {
				CODE_SIGN_STYLE = Automatic;
				DEVELOPMENT_TEAM = 846TMZL7WC;
				ENABLE_HARDENED_RUNTIME = YES;
				PRODUCT_NAME = "$(TARGET_NAME)";
				SWIFT_VERSION = 5.0;
			};
			name = Debug;
		};
		D83FF8CE2D22DF2700BBBD44 /* Release */ = {
			isa = XCBuildConfiguration;
			buildSettings = {
				CODE_SIGN_STYLE = Automatic;
				DEVELOPMENT_TEAM = 846TMZL7WC;
				ENABLE_HARDENED_RUNTIME = YES;
				PRODUCT_NAME = "$(TARGET_NAME)";
				SWIFT_VERSION = 5.0;
			};
			name = Release;
		};
		D86953462D043E240040D748 /* Debug */ = {
			isa = XCBuildConfiguration;
			buildSettings = {
				ALWAYS_SEARCH_USER_PATHS = NO;
				ASSETCATALOG_COMPILER_GENERATE_SWIFT_ASSET_SYMBOL_EXTENSIONS = YES;
				CLANG_ANALYZER_NONNULL = YES;
				CLANG_ANALYZER_NUMBER_OBJECT_CONVERSION = YES_AGGRESSIVE;
				CLANG_CXX_LANGUAGE_STANDARD = "gnu++20";
				CLANG_ENABLE_MODULES = YES;
				CLANG_ENABLE_OBJC_ARC = YES;
				CLANG_ENABLE_OBJC_WEAK = YES;
				CLANG_WARN_BLOCK_CAPTURE_AUTORELEASING = YES;
				CLANG_WARN_BOOL_CONVERSION = YES;
				CLANG_WARN_COMMA = YES;
				CLANG_WARN_CONSTANT_CONVERSION = YES;
				CLANG_WARN_DEPRECATED_OBJC_IMPLEMENTATIONS = YES;
				CLANG_WARN_DIRECT_OBJC_ISA_USAGE = YES_ERROR;
				CLANG_WARN_DOCUMENTATION_COMMENTS = YES;
				CLANG_WARN_EMPTY_BODY = YES;
				CLANG_WARN_ENUM_CONVERSION = YES;
				CLANG_WARN_INFINITE_RECURSION = YES;
				CLANG_WARN_INT_CONVERSION = YES;
				CLANG_WARN_NON_LITERAL_NULL_CONVERSION = YES;
				CLANG_WARN_OBJC_IMPLICIT_RETAIN_SELF = YES;
				CLANG_WARN_OBJC_LITERAL_CONVERSION = YES;
				CLANG_WARN_OBJC_ROOT_CLASS = YES_ERROR;
				CLANG_WARN_QUOTED_INCLUDE_IN_FRAMEWORK_HEADER = YES;
				CLANG_WARN_RANGE_LOOP_ANALYSIS = YES;
				CLANG_WARN_STRICT_PROTOTYPES = YES;
				CLANG_WARN_SUSPICIOUS_MOVE = YES;
				CLANG_WARN_UNGUARDED_AVAILABILITY = YES_AGGRESSIVE;
				CLANG_WARN_UNREACHABLE_CODE = YES;
				CLANG_WARN__DUPLICATE_METHOD_MATCH = YES;
				COPY_PHASE_STRIP = NO;
				DEBUG_INFORMATION_FORMAT = dwarf;
				ENABLE_STRICT_OBJC_MSGSEND = YES;
				ENABLE_TESTABILITY = YES;
				ENABLE_USER_SCRIPT_SANDBOXING = YES;
				GCC_C_LANGUAGE_STANDARD = gnu17;
				GCC_DYNAMIC_NO_PIC = NO;
				GCC_NO_COMMON_BLOCKS = YES;
				GCC_OPTIMIZATION_LEVEL = 0;
				GCC_PREPROCESSOR_DEFINITIONS = (
					"DEBUG=1",
					"$(inherited)",
				);
				GCC_WARN_64_TO_32_BIT_CONVERSION = YES;
				GCC_WARN_ABOUT_RETURN_TYPE = YES_ERROR;
				GCC_WARN_UNDECLARED_SELECTOR = YES;
				GCC_WARN_UNINITIALIZED_AUTOS = YES_AGGRESSIVE;
				GCC_WARN_UNUSED_FUNCTION = YES;
				GCC_WARN_UNUSED_VARIABLE = YES;
				LOCALIZATION_PREFERS_STRING_CATALOGS = YES;
				MACOSX_DEPLOYMENT_TARGET = 15.0;
				MTL_ENABLE_DEBUG_INFO = INCLUDE_SOURCE;
				MTL_FAST_MATH = YES;
				ONLY_ACTIVE_ARCH = YES;
				SDKROOT = macosx;
				SWIFT_ACTIVE_COMPILATION_CONDITIONS = "DEBUG $(inherited)";
				SWIFT_OPTIMIZATION_LEVEL = "-Onone";
			};
			name = Debug;
		};
		D86953472D043E240040D748 /* Release */ = {
			isa = XCBuildConfiguration;
			buildSettings = {
				ALWAYS_SEARCH_USER_PATHS = NO;
				ASSETCATALOG_COMPILER_GENERATE_SWIFT_ASSET_SYMBOL_EXTENSIONS = YES;
				CLANG_ANALYZER_NONNULL = YES;
				CLANG_ANALYZER_NUMBER_OBJECT_CONVERSION = YES_AGGRESSIVE;
				CLANG_CXX_LANGUAGE_STANDARD = "gnu++20";
				CLANG_ENABLE_MODULES = YES;
				CLANG_ENABLE_OBJC_ARC = YES;
				CLANG_ENABLE_OBJC_WEAK = YES;
				CLANG_WARN_BLOCK_CAPTURE_AUTORELEASING = YES;
				CLANG_WARN_BOOL_CONVERSION = YES;
				CLANG_WARN_COMMA = YES;
				CLANG_WARN_CONSTANT_CONVERSION = YES;
				CLANG_WARN_DEPRECATED_OBJC_IMPLEMENTATIONS = YES;
				CLANG_WARN_DIRECT_OBJC_ISA_USAGE = YES_ERROR;
				CLANG_WARN_DOCUMENTATION_COMMENTS = YES;
				CLANG_WARN_EMPTY_BODY = YES;
				CLANG_WARN_ENUM_CONVERSION = YES;
				CLANG_WARN_INFINITE_RECURSION = YES;
				CLANG_WARN_INT_CONVERSION = YES;
				CLANG_WARN_NON_LITERAL_NULL_CONVERSION = YES;
				CLANG_WARN_OBJC_IMPLICIT_RETAIN_SELF = YES;
				CLANG_WARN_OBJC_LITERAL_CONVERSION = YES;
				CLANG_WARN_OBJC_ROOT_CLASS = YES_ERROR;
				CLANG_WARN_QUOTED_INCLUDE_IN_FRAMEWORK_HEADER = YES;
				CLANG_WARN_RANGE_LOOP_ANALYSIS = YES;
				CLANG_WARN_STRICT_PROTOTYPES = YES;
				CLANG_WARN_SUSPICIOUS_MOVE = YES;
				CLANG_WARN_UNGUARDED_AVAILABILITY = YES_AGGRESSIVE;
				CLANG_WARN_UNREACHABLE_CODE = YES;
				CLANG_WARN__DUPLICATE_METHOD_MATCH = YES;
				COPY_PHASE_STRIP = NO;
				DEBUG_INFORMATION_FORMAT = "dwarf-with-dsym";
				ENABLE_NS_ASSERTIONS = NO;
				ENABLE_STRICT_OBJC_MSGSEND = YES;
				ENABLE_USER_SCRIPT_SANDBOXING = YES;
				GCC_C_LANGUAGE_STANDARD = gnu17;
				GCC_NO_COMMON_BLOCKS = YES;
				GCC_WARN_64_TO_32_BIT_CONVERSION = YES;
				GCC_WARN_ABOUT_RETURN_TYPE = YES_ERROR;
				GCC_WARN_UNDECLARED_SELECTOR = YES;
				GCC_WARN_UNINITIALIZED_AUTOS = YES_AGGRESSIVE;
				GCC_WARN_UNUSED_FUNCTION = YES;
				GCC_WARN_UNUSED_VARIABLE = YES;
				LOCALIZATION_PREFERS_STRING_CATALOGS = YES;
				MACOSX_DEPLOYMENT_TARGET = 15.0;
				MTL_ENABLE_DEBUG_INFO = NO;
				MTL_FAST_MATH = YES;
				SDKROOT = macosx;
				SWIFT_COMPILATION_MODE = wholemodule;
			};
			name = Release;
		};
		D86953492D043E240040D748 /* Debug */ = {
			isa = XCBuildConfiguration;
			buildSettings = {
				CODE_SIGN_STYLE = Automatic;
				DEVELOPMENT_TEAM = 846TMZL7WC;
				ENABLE_HARDENED_RUNTIME = YES;
				PRODUCT_NAME = "$(TARGET_NAME)";
				SWIFT_VERSION = 5.0;
			};
			name = Debug;
		};
		D869534A2D043E240040D748 /* Release */ = {
			isa = XCBuildConfiguration;
			buildSettings = {
				CODE_SIGN_STYLE = Automatic;
				DEVELOPMENT_TEAM = 846TMZL7WC;
				ENABLE_HARDENED_RUNTIME = YES;
				PRODUCT_NAME = "$(TARGET_NAME)";
				SWIFT_VERSION = 5.0;
			};
			name = Release;
		};
		D86953542D0440ED0040D748 /* Debug */ = {
			isa = XCBuildConfiguration;
			buildSettings = {
				CODE_SIGN_STYLE = Automatic;
				DEVELOPMENT_TEAM = 846TMZL7WC;
				ENABLE_HARDENED_RUNTIME = YES;
				PRODUCT_NAME = "$(TARGET_NAME)";
				SWIFT_VERSION = 5.0;
			};
			name = Debug;
		};
		D86953552D0440ED0040D748 /* Release */ = {
			isa = XCBuildConfiguration;
			buildSettings = {
				CODE_SIGN_STYLE = Automatic;
				DEVELOPMENT_TEAM = 846TMZL7WC;
				ENABLE_HARDENED_RUNTIME = YES;
				PRODUCT_NAME = "$(TARGET_NAME)";
				SWIFT_VERSION = 5.0;
			};
			name = Release;
		};
		D88DEB182D130048000FE8B8 /* Debug */ = {
			isa = XCBuildConfiguration;
			buildSettings = {
				CODE_SIGN_STYLE = Automatic;
				DEVELOPMENT_TEAM = 846TMZL7WC;
				ENABLE_HARDENED_RUNTIME = YES;
				PRODUCT_NAME = "$(TARGET_NAME)";
				SWIFT_VERSION = 5.0;
			};
			name = Debug;
		};
		D88DEB192D130048000FE8B8 /* Release */ = {
			isa = XCBuildConfiguration;
			buildSettings = {
				CODE_SIGN_STYLE = Automatic;
				DEVELOPMENT_TEAM = 846TMZL7WC;
				ENABLE_HARDENED_RUNTIME = YES;
				PRODUCT_NAME = "$(TARGET_NAME)";
				SWIFT_VERSION = 5.0;
			};
			name = Release;
		};
		D88DEB2D2D130B12000FE8B8 /* Debug */ = {
			isa = XCBuildConfiguration;
			buildSettings = {
				CODE_SIGN_STYLE = Automatic;
				DEVELOPMENT_TEAM = 846TMZL7WC;
				ENABLE_HARDENED_RUNTIME = YES;
				PRODUCT_NAME = "$(TARGET_NAME)";
				SWIFT_VERSION = 5.0;
			};
			name = Debug;
		};
		D88DEB2E2D130B12000FE8B8 /* Release */ = {
			isa = XCBuildConfiguration;
			buildSettings = {
				CODE_SIGN_STYLE = Automatic;
				DEVELOPMENT_TEAM = 846TMZL7WC;
				ENABLE_HARDENED_RUNTIME = YES;
				PRODUCT_NAME = "$(TARGET_NAME)";
				SWIFT_VERSION = 5.0;
			};
			name = Release;
		};
		D8CCAABE2D10724E00950A53 /* Debug */ = {
			isa = XCBuildConfiguration;
			buildSettings = {
				CODE_SIGN_STYLE = Automatic;
				DEVELOPMENT_TEAM = 846TMZL7WC;
				ENABLE_HARDENED_RUNTIME = YES;
				PRODUCT_NAME = "$(TARGET_NAME)";
				SWIFT_VERSION = 5.0;
			};
			name = Debug;
		};
		D8CCAABF2D10724E00950A53 /* Release */ = {
			isa = XCBuildConfiguration;
			buildSettings = {
				CODE_SIGN_STYLE = Automatic;
				DEVELOPMENT_TEAM = 846TMZL7WC;
				ENABLE_HARDENED_RUNTIME = YES;
				PRODUCT_NAME = "$(TARGET_NAME)";
				SWIFT_VERSION = 5.0;
			};
			name = Release;
		};
		D8FBC4952D08905D00BF2B9B /* Debug */ = {
			isa = XCBuildConfiguration;
			buildSettings = {
				CODE_SIGN_STYLE = Automatic;
				DEVELOPMENT_TEAM = 846TMZL7WC;
				ENABLE_HARDENED_RUNTIME = YES;
				PRODUCT_NAME = "$(TARGET_NAME)";
				SWIFT_VERSION = 5.0;
			};
			name = Debug;
		};
		D8FBC4962D08905D00BF2B9B /* Release */ = {
			isa = XCBuildConfiguration;
			buildSettings = {
				CODE_SIGN_STYLE = Automatic;
				DEVELOPMENT_TEAM = 846TMZL7WC;
				ENABLE_HARDENED_RUNTIME = YES;
				PRODUCT_NAME = "$(TARGET_NAME)";
				SWIFT_VERSION = 5.0;
			};
			name = Release;
		};
		F904EC802D146D2D008982D3 /* Debug */ = {
			isa = XCBuildConfiguration;
			buildSettings = {
				CODE_SIGN_STYLE = Automatic;
				DEVELOPMENT_TEAM = 846TMZL7WC;
				ENABLE_HARDENED_RUNTIME = YES;
				MACOSX_DEPLOYMENT_TARGET = 15.1;
				PRODUCT_NAME = "$(TARGET_NAME)";
				SWIFT_VERSION = 5.0;
			};
			name = Debug;
		};
		F904EC812D146D2D008982D3 /* Release */ = {
			isa = XCBuildConfiguration;
			buildSettings = {
				CODE_SIGN_STYLE = Automatic;
				DEVELOPMENT_TEAM = 846TMZL7WC;
				ENABLE_HARDENED_RUNTIME = YES;
				MACOSX_DEPLOYMENT_TARGET = 15.1;
				PRODUCT_NAME = "$(TARGET_NAME)";
				SWIFT_VERSION = 5.0;
			};
			name = Release;
		};
/* End XCBuildConfiguration section */

/* Begin XCConfigurationList section */
		D80FBE472D192B2200935952 /* Build configuration list for PBXNativeTarget "네트워크" */ = {
			isa = XCConfigurationList;
			buildConfigurations = (
				D80FBE452D192B2200935952 /* Debug */,
				D80FBE462D192B2200935952 /* Release */,
			);
			defaultConfigurationIsVisible = 0;
			defaultConfigurationName = Release;
		};
		D80FBE602D19311300935952 /* Build configuration list for PBXNativeTarget "단어변환" */ = {
			isa = XCConfigurationList;
			buildConfigurations = (
				D80FBE5E2D19311300935952 /* Debug */,
				D80FBE5F2D19311300935952 /* Release */,
			);
			defaultConfigurationIsVisible = 0;
			defaultConfigurationName = Release;
		};
		D80FBE7B2D1957C400935952 /* Build configuration list for PBXNativeTarget "여행경로" */ = {
			isa = XCConfigurationList;
			buildConfigurations = (
				D80FBE792D1957C400935952 /* Debug */,
				D80FBE7A2D1957C400935952 /* Release */,
			);
			defaultConfigurationIsVisible = 0;
			defaultConfigurationName = Release;
		};
		D80FBE982D19AD0300935952 /* Build configuration list for PBXNativeTarget "방문길이" */ = {
			isa = XCConfigurationList;
			buildConfigurations = (
				D80FBE962D19AD0300935952 /* Debug */,
				D80FBE972D19AD0300935952 /* Release */,
			);
			defaultConfigurationIsVisible = 0;
			defaultConfigurationName = Release;
		};
		D80FBEB72D19BC9F00935952 /* Build configuration list for PBXNativeTarget "최소직사각형" */ = {
			isa = XCConfigurationList;
			buildConfigurations = (
				D80FBEB52D19BC9F00935952 /* Debug */,
				D80FBEB62D19BC9F00935952 /* Release */,
			);
			defaultConfigurationIsVisible = 0;
			defaultConfigurationName = Release;
		};
		D80FBED82D19BDF200935952 /* Build configuration list for PBXNativeTarget "모의고사" */ = {
			isa = XCConfigurationList;
			buildConfigurations = (
				D80FBED62D19BDF200935952 /* Debug */,
				D80FBED72D19BDF200935952 /* Release */,
			);
			defaultConfigurationIsVisible = 0;
			defaultConfigurationName = Release;
		};
		D824C5722D1D31CE007F7F50 /* Build configuration list for PBXNativeTarget "이모티콘할인행사" */ = {
			isa = XCConfigurationList;
			buildConfigurations = (
				D824C5702D1D31CE007F7F50 /* Debug */,
				D824C5712D1D31CE007F7F50 /* Release */,
			);
			defaultConfigurationIsVisible = 0;
			defaultConfigurationName = Release;
		};
		D824C5B32D1D7D10007F7F50 /* Build configuration list for PBXNativeTarget "퍼즐게임챌린지" */ = {
			isa = XCConfigurationList;
			buildConfigurations = (
				D824C5B12D1D7D10007F7F50 /* Debug */,
				D824C5B22D1D7D10007F7F50 /* Release */,
			);
			defaultConfigurationIsVisible = 0;
			defaultConfigurationName = Release;
		};
		D83FF8CF2D22DF2700BBBD44 /* Build configuration list for PBXNativeTarget "체육복" */ = {
			isa = XCConfigurationList;
			buildConfigurations = (
				D83FF8CD2D22DF2700BBBD44 /* Debug */,
				D83FF8CE2D22DF2700BBBD44 /* Release */,
			);
			defaultConfigurationIsVisible = 0;
			defaultConfigurationName = Release;
		};
		D869533C2D043E240040D748 /* Build configuration list for PBXProject "MyAlgorithm" */ = {
			isa = XCConfigurationList;
			buildConfigurations = (
				D86953462D043E240040D748 /* Debug */,
				D86953472D043E240040D748 /* Release */,
			);
			defaultConfigurationIsVisible = 0;
			defaultConfigurationName = Release;
		};
		D86953482D043E240040D748 /* Build configuration list for PBXNativeTarget "MyAlgorithm" */ = {
			isa = XCConfigurationList;
			buildConfigurations = (
				D86953492D043E240040D748 /* Debug */,
				D869534A2D043E240040D748 /* Release */,
			);
			defaultConfigurationIsVisible = 0;
			defaultConfigurationName = Release;
		};
		D86953532D0440ED0040D748 /* Build configuration list for PBXNativeTarget "ParenthesisString" */ = {
			isa = XCConfigurationList;
			buildConfigurations = (
				D86953542D0440ED0040D748 /* Debug */,
				D86953552D0440ED0040D748 /* Release */,
			);
			defaultConfigurationIsVisible = 0;
			defaultConfigurationName = Release;
		};
		D88DEB1A2D130048000FE8B8 /* Build configuration list for PBXNativeTarget "카펫" */ = {
			isa = XCConfigurationList;
			buildConfigurations = (
				D88DEB182D130048000FE8B8 /* Debug */,
				D88DEB192D130048000FE8B8 /* Release */,
			);
			defaultConfigurationIsVisible = 0;
			defaultConfigurationName = Release;
		};
		D88DEB2F2D130B12000FE8B8 /* Build configuration list for PBXNativeTarget "귤고르기" */ = {
			isa = XCConfigurationList;
			buildConfigurations = (
				D88DEB2D2D130B12000FE8B8 /* Debug */,
				D88DEB2E2D130B12000FE8B8 /* Release */,
			);
			defaultConfigurationIsVisible = 0;
			defaultConfigurationName = Release;
		};
		D8CCAAC02D10724E00950A53 /* Build configuration list for PBXNativeTarget "덧칠하기" */ = {
			isa = XCConfigurationList;
			buildConfigurations = (
				D8CCAABE2D10724E00950A53 /* Debug */,
				D8CCAABF2D10724E00950A53 /* Release */,
			);
			defaultConfigurationIsVisible = 0;
			defaultConfigurationName = Release;
		};
		D8FBC4972D08905D00BF2B9B /* Build configuration list for PBXNativeTarget "cardBundle" */ = {
			isa = XCConfigurationList;
			buildConfigurations = (
				D8FBC4952D08905D00BF2B9B /* Debug */,
				D8FBC4962D08905D00BF2B9B /* Release */,
			);
			defaultConfigurationIsVisible = 0;
			defaultConfigurationName = Release;
		};
		F904EC822D146D2D008982D3 /* Build configuration list for PBXNativeTarget "타겟넘버" */ = {
			isa = XCConfigurationList;
			buildConfigurations = (
				F904EC802D146D2D008982D3 /* Debug */,
				F904EC812D146D2D008982D3 /* Release */,
			);
			defaultConfigurationIsVisible = 0;
			defaultConfigurationName = Release;
		};
/* End XCConfigurationList section */
	};
	rootObject = D86953392D043E240040D748 /* Project object */;
}
